
Microsoft Visual Studio Solution File, Format Version 12.00
# Visual Studio 15
Project("{FAE04EC0-301F-11D3-BF4B-00C04F79EFBC}") = "PrediccionCarros", "PrediccionCarros\PrediccionCarros.csproj", "{163EEBC4-0E20-47D3-94A5-0106BD6820A0}"
EndProject
Global
	GlobalSection(SolutionConfigurationPlatforms) = preSolution
		Debug|Any CPU = Debug|Any CPU
		Release|Any CPU = Release|Any CPU
	EndGlobalSection
	GlobalSection(ProjectConfigurationPlatforms) = postSolution
		{163EEBC4-0E20-47D3-94A5-0106BD6820A0}.Debug|Any CPU.ActiveCfg = Debug|Any CPU
		{163EEBC4-0E20-47D3-94A5-0106BD6820A0}.Debug|Any CPU.Build.0 = Debug|Any CPU
		{163EEBC4-0E20-47D3-94A5-0106BD6820A0}.Release|Any CPU.ActiveCfg = Release|Any CPU
		{163EEBC4-0E20-47D3-94A5-0106BD6820A0}.Release|Any CPU.Build.0 = Release|Any CPU
	EndGlobalSection
EndGlobal
